
Microsoft Visual Studio Solution File, Format Version 12.00
Project("{FAE04EC0-301F-11D3-BF4B-00C04F79EFBC}") = "NetConf01", "NetConf01\NetConf01.csproj", "{79865D27-6BBF-4E75-9B0E-F36E2586186D}"
EndProject
Global
	GlobalSection(SolutionConfigurationPlatforms) = preSolution
		Debug|Any CPU = Debug|Any CPU
		Release|Any CPU = Release|Any CPU
	EndGlobalSection
	GlobalSection(ProjectConfigurationPlatforms) = postSolution
		{79865D27-6BBF-4E75-9B0E-F36E2586186D}.Debug|Any CPU.ActiveCfg = Debug|Any CPU
		{79865D27-6BBF-4E75-9B0E-F36E2586186D}.Debug|Any CPU.Build.0 = Debug|Any CPU
		{79865D27-6BBF-4E75-9B0E-F36E2586186D}.Release|Any CPU.ActiveCfg = Release|Any CPU
		{79865D27-6BBF-4E75-9B0E-F36E2586186D}.Release|Any CPU.Build.0 = Release|Any CPU
	EndGlobalSection
EndGlobal
